Microsoft Visual Studio Solution File, Format Version 12.00
# Visual Studio 14
VisualStudioVersion = 14.0.25420.1
MinimumVisualStudioVersion = 10.0.40219.1
Project("{2150E333-8FDC-42A3-9474-1A3956D46DE8}") = ".paket", ".paket", "{63297B98-5CED-492C-A5B7-A5B4F73CF142}"
	ProjectSection(SolutionItems) = preProject
		paket.dependencies = paket.dependencies
		paket.lock = paket.lock
	EndProjectSection
EndProject
Project("{2150E333-8FDC-42A3-9474-1A3956D46DE8}") = "docs", "docs", "{A6A6AF7D-D6E3-442D-9B1E-58CC91879BE1}"
EndProject
Project("{2150E333-8FDC-42A3-9474-1A3956D46DE8}") = "project", "project", "{BF60BC93-E09B-4E5F-9D85-95A519479D54}"
	ProjectSection(SolutionItems) = preProject
		build.fsx = build.fsx
		README.md = README.md
		RELEASE_NOTES.md = RELEASE_NOTES.md
	EndProjectSection
EndProject
Project("{2150E333-8FDC-42A3-9474-1A3956D46DE8}") = "tools", "tools", "{83F16175-43B1-4C90-A1EE-8E351C33435D}"
	ProjectSection(SolutionItems) = preProject
		docs\tools\generate.fsx = docs\tools\generate.fsx
		docs\tools\templates\template.cshtml = docs\tools\templates\template.cshtml
	EndProjectSection
EndProject
Project("{2150E333-8FDC-42A3-9474-1A3956D46DE8}") = "content", "content", "{8E6D5255-776D-4B61-85F9-73C37AA1FB9A}"
	ProjectSection(SolutionItems) = preProject
		docs\content\index.fsx = docs\content\index.fsx
		docs\content\tutorial.fsx = docs\content\tutorial.fsx
	EndProjectSection
EndProject
Project("{2150E333-8FDC-42A3-9474-1A3956D46DE8}") = "tests", "tests", "{ED8079DD-2B06-4030-9F0F-DC548F98E1C4}"
Project("{f2a71f9b-5d33-465a-a702-920d77279786}") = "Gslc", "src\Gslc\Gslc.fsproj", "{2C964234-7C0F-40A4-91D3-6C3C50CDFE59}"
EndProject

Global
	GlobalSection(SolutionConfigurationPlatforms) = preSolution
		Debug|Any CPU = Debug|Any CPU
		Debug|x86 = Debug|x86
		Release|Any CPU = Release|Any CPU
		Release|x86 = Release|x86
		TestGSL|Any CPU = TestGSL|Any CPU
		TestGSL|x86 = TestGSL|x86
	EndGlobalSection
	GlobalSection(ProjectConfigurationPlatforms) = postSolution
		{25FAA591-F3A7-4C55-ADB6-372ECD292AB2}.Debug|Any CPU.ActiveCfg = Debug|x86
		{25FAA591-F3A7-4C55-ADB6-372ECD292AB2}.Debug|Any CPU.Build.0 = Debug|x86
		{25FAA591-F3A7-4C55-ADB6-372ECD292AB2}.Debug|x86.ActiveCfg = Debug|x86
		{25FAA591-F3A7-4C55-ADB6-372ECD292AB2}.Debug|x86.Build.0 = Debug|x86
		{25FAA591-F3A7-4C55-ADB6-372ECD292AB2}.Release|Any CPU.ActiveCfg = Release|x86
		{25FAA591-F3A7-4C55-ADB6-372ECD292AB2}.Release|Any CPU.Build.0 = Release|x86
		{25FAA591-F3A7-4C55-ADB6-372ECD292AB2}.Release|x86.ActiveCfg = Release|x86
		{25FAA591-F3A7-4C55-ADB6-372ECD292AB2}.Release|x86.Build.0 = Release|x86
		{25FAA591-F3A7-4C55-ADB6-372ECD292AB2}.TestGSL|Any CPU.ActiveCfg = TestGSL|x86
		{25FAA591-F3A7-4C55-ADB6-372ECD292AB2}.TestGSL|x86.ActiveCfg = TestGSL|x86
		{25FAA591-F3A7-4C55-ADB6-372ECD292AB2}.TestGSL|x86.Build.0 = TestGSL|x86
		{2199B204-508A-4A6B-BDD6-7E8309E5C2D0}.Debug|Any CPU.ActiveCfg = Debug|Any CPU
		{2199B204-508A-4A6B-BDD6-7E8309E5C2D0}.Debug|Any CPU.Build.0 = Debug|Any CPU
		{2199B204-508A-4A6B-BDD6-7E8309E5C2D0}.Debug|x86.ActiveCfg = Debug|Any CPU
		{2199B204-508A-4A6B-BDD6-7E8309E5C2D0}.Debug|x86.Build.0 = Debug|Any CPU
		{2199B204-508A-4A6B-BDD6-7E8309E5C2D0}.Release|Any CPU.ActiveCfg = Release|Any CPU
		{2199B204-508A-4A6B-BDD6-7E8309E5C2D0}.Release|Any CPU.Build.0 = Release|Any CPU
		{2199B204-508A-4A6B-BDD6-7E8309E5C2D0}.Release|x86.ActiveCfg = Release|Any CPU
		{2199B204-508A-4A6B-BDD6-7E8309E5C2D0}.Release|x86.Build.0 = Release|Any CPU
		{2199B204-508A-4A6B-BDD6-7E8309E5C2D0}.TestGSL|Any CPU.ActiveCfg = TestGSL|Any CPU
		{2199B204-508A-4A6B-BDD6-7E8309E5C2D0}.TestGSL|Any CPU.Build.0 = TestGSL|Any CPU
		{2199B204-508A-4A6B-BDD6-7E8309E5C2D0}.TestGSL|x86.ActiveCfg = TestGSL|Any CPU
		{2199B204-508A-4A6B-BDD6-7E8309E5C2D0}.TestGSL|x86.Build.0 = TestGSL|Any CPU
		{84995E4B-1C14-4A20-89F4-73B38BF0CF78}.Debug|Any CPU.ActiveCfg = Debug|Any CPU
		{84995E4B-1C14-4A20-89F4-73B38BF0CF78}.Debug|Any CPU.Build.0 = Debug|Any CPU
		{84995E4B-1C14-4A20-89F4-73B38BF0CF78}.Debug|x86.ActiveCfg = Debug|Any CPU
		{84995E4B-1C14-4A20-89F4-73B38BF0CF78}.Debug|x86.Build.0 = Debug|Any CPU
		{84995E4B-1C14-4A20-89F4-73B38BF0CF78}.Release|Any CPU.ActiveCfg = Release|Any CPU
		{84995E4B-1C14-4A20-89F4-73B38BF0CF78}.Release|Any CPU.Build.0 = Release|Any CPU
		{84995E4B-1C14-4A20-89F4-73B38BF0CF78}.Release|x86.ActiveCfg = Release|Any CPU
		{84995E4B-1C14-4A20-89F4-73B38BF0CF78}.Release|x86.Build.0 = Release|Any CPU
		{84995E4B-1C14-4A20-89F4-73B38BF0CF78}.TestGSL|Any CPU.ActiveCfg = Release|Any CPU
		{84995E4B-1C14-4A20-89F4-73B38BF0CF78}.TestGSL|Any CPU.Build.0 = Release|Any CPU
		{84995E4B-1C14-4A20-89F4-73B38BF0CF78}.TestGSL|x86.ActiveCfg = Debug|Any CPU
		{84995E4B-1C14-4A20-89F4-73B38BF0CF78}.TestGSL|x86.Build.0 = Debug|Any CPU
		{1031D3A4-24D9-49BB-8D20-4DDCC51840CB}.Debug|Any CPU.ActiveCfg = Debug|Any CPU
		{1031D3A4-24D9-49BB-8D20-4DDCC51840CB}.Debug|Any CPU.Build.0 = Debug|Any CPU
		{1031D3A4-24D9-49BB-8D20-4DDCC51840CB}.Debug|x86.ActiveCfg = Debug|Any CPU
		{1031D3A4-24D9-49BB-8D20-4DDCC51840CB}.Debug|x86.Build.0 = Debug|Any CPU
		{1031D3A4-24D9-49BB-8D20-4DDCC51840CB}.Release|Any CPU.ActiveCfg = Release|Any CPU
		{1031D3A4-24D9-49BB-8D20-4DDCC51840CB}.Release|Any CPU.Build.0 = Release|Any CPU
		{1031D3A4-24D9-49BB-8D20-4DDCC51840CB}.Release|x86.ActiveCfg = Release|Any CPU
		{1031D3A4-24D9-49BB-8D20-4DDCC51840CB}.Release|x86.Build.0 = Release|Any CPU
		{1031D3A4-24D9-49BB-8D20-4DDCC51840CB}.TestGSL|Any CPU.ActiveCfg = Release|Any CPU
		{1031D3A4-24D9-49BB-8D20-4DDCC51840CB}.TestGSL|Any CPU.Build.0 = Release|Any CPU
		{1031D3A4-24D9-49BB-8D20-4DDCC51840CB}.TestGSL|x86.ActiveCfg = Release|Any CPU
		{1031D3A4-24D9-49BB-8D20-4DDCC51840CB}.TestGSL|x86.Build.0 = Release|Any CPU
		{277A35CA-2F73-469E-840F-E9E8BF22B0AF}.Debug|Any CPU.ActiveCfg = Debug|Any CPU
		{277A35CA-2F73-469E-840F-E9E8BF22B0AF}.Debug|Any CPU.Build.0 = Debug|Any CPU
		{277A35CA-2F73-469E-840F-E9E8BF22B0AF}.Debug|x86.ActiveCfg = Debug|Any CPU
		{277A35CA-2F73-469E-840F-E9E8BF22B0AF}.Debug|x86.Build.0 = Debug|Any CPU
		{277A35CA-2F73-469E-840F-E9E8BF22B0AF}.Release|Any CPU.ActiveCfg = Release|Any CPU
		{277A35CA-2F73-469E-840F-E9E8BF22B0AF}.Release|Any CPU.Build.0 = Release|Any CPU
		{277A35CA-2F73-469E-840F-E9E8BF22B0AF}.Release|x86.ActiveCfg = Release|Any CPU
		{277A35CA-2F73-469E-840F-E9E8BF22B0AF}.Release|x86.Build.0 = Release|Any CPU
		{277A35CA-2F73-469E-840F-E9E8BF22B0AF}.TestGSL|Any CPU.ActiveCfg = Release|Any CPU
		{277A35CA-2F73-469E-840F-E9E8BF22B0AF}.TestGSL|Any CPU.Build.0 = Release|Any CPU
		{277A35CA-2F73-469E-840F-E9E8BF22B0AF}.TestGSL|x86.ActiveCfg = Debug|Any CPU
		{277A35CA-2F73-469E-840F-E9E8BF22B0AF}.TestGSL|x86.Build.0 = Debug|Any CPU
		{FDE0835B-85A0-410F-8A5F-8AB0833E1F07}.Debug|Any CPU.ActiveCfg = Debug|x86
		{FDE0835B-85A0-410F-8A5F-8AB0833E1F07}.Debug|Any CPU.Build.0 = Debug|x86
		{FDE0835B-85A0-410F-8A5F-8AB0833E1F07}.Debug|x86.ActiveCfg = Debug|x86
		{FDE0835B-85A0-410F-8A5F-8AB0833E1F07}.Debug|x86.Build.0 = Debug|x86
		{FDE0835B-85A0-410F-8A5F-8AB0833E1F07}.Release|Any CPU.ActiveCfg = Release|x86
		{FDE0835B-85A0-410F-8A5F-8AB0833E1F07}.Release|Any CPU.Build.0 = Release|x86
		{FDE0835B-85A0-410F-8A5F-8AB0833E1F07}.Release|x86.ActiveCfg = Release|x86
		{FDE0835B-85A0-410F-8A5F-8AB0833E1F07}.Release|x86.Build.0 = Release|x86
		{FDE0835B-85A0-410F-8A5F-8AB0833E1F07}.TestGSL|Any CPU.ActiveCfg = TestGSL|x86
		{FDE0835B-85A0-410F-8A5F-8AB0833E1F07}.TestGSL|x86.ActiveCfg = TestGSL|x86
		{FDE0835B-85A0-410F-8A5F-8AB0833E1F07}.TestGSL|x86.Build.0 = TestGSL|x86
		{804AC5F2-C4BD-4858-A0E2-43AE1C12055B}.Debug|Any CPU.ActiveCfg = Debug|Any CPU
		{804AC5F2-C4BD-4858-A0E2-43AE1C12055B}.Debug|Any CPU.Build.0 = Debug|Any CPU
		{804AC5F2-C4BD-4858-A0E2-43AE1C12055B}.Debug|x86.ActiveCfg = Debug|Any CPU
		{804AC5F2-C4BD-4858-A0E2-43AE1C12055B}.Debug|x86.Build.0 = Debug|Any CPU
		{804AC5F2-C4BD-4858-A0E2-43AE1C12055B}.Release|Any CPU.ActiveCfg = Release|Any CPU
		{804AC5F2-C4BD-4858-A0E2-43AE1C12055B}.Release|Any CPU.Build.0 = Release|Any CPU
		{804AC5F2-C4BD-4858-A0E2-43AE1C12055B}.Release|x86.ActiveCfg = Release|Any CPU
		{804AC5F2-C4BD-4858-A0E2-43AE1C12055B}.Release|x86.Build.0 = Release|Any CPU
		{804AC5F2-C4BD-4858-A0E2-43AE1C12055B}.TestGSL|Any CPU.ActiveCfg = Release|Any CPU
		{804AC5F2-C4BD-4858-A0E2-43AE1C12055B}.TestGSL|Any CPU.Build.0 = Release|Any CPU
		{804AC5F2-C4BD-4858-A0E2-43AE1C12055B}.TestGSL|x86.ActiveCfg = Debug|Any CPU
		{804AC5F2-C4BD-4858-A0E2-43AE1C12055B}.TestGSL|x86.Build.0 = Debug|Any CPU
		{5ED77947-E3D2-48A3-A953-3F57B682617B}.Debug|Any CPU.ActiveCfg = Debug|Any CPU
		{5ED77947-E3D2-48A3-A953-3F57B682617B}.Debug|Any CPU.Build.0 = Debug|Any CPU
		{5ED77947-E3D2-48A3-A953-3F57B682617B}.Debug|x86.ActiveCfg = Debug|Any CPU
		{5ED77947-E3D2-48A3-A953-3F57B682617B}.Debug|x86.Build.0 = Debug|Any CPU
		{5ED77947-E3D2-48A3-A953-3F57B682617B}.Release|Any CPU.ActiveCfg = Release|Any CPU
		{5ED77947-E3D2-48A3-A953-3F57B682617B}.Release|Any CPU.Build.0 = Release|Any CPU
		{5ED77947-E3D2-48A3-A953-3F57B682617B}.Release|x86.ActiveCfg = Release|Any CPU
		{5ED77947-E3D2-48A3-A953-3F57B682617B}.Release|x86.Build.0 = Release|Any CPU
		{5ED77947-E3D2-48A3-A953-3F57B682617B}.TestGSL|Any CPU.ActiveCfg = TestGSL|Any CPU
		{5ED77947-E3D2-48A3-A953-3F57B682617B}.TestGSL|Any CPU.Build.0 = TestGSL|Any CPU
		{5ED77947-E3D2-48A3-A953-3F57B682617B}.TestGSL|x86.ActiveCfg = TestGSL|Any CPU
		{5ED77947-E3D2-48A3-A953-3F57B682617B}.TestGSL|x86.Build.0 = TestGSL|Any CPU
		{E2392954-60E5-4D94-8DC7-D43E60562DB6}.Debug|Any CPU.ActiveCfg = Debug|Any CPU
		{E2392954-60E5-4D94-8DC7-D43E60562DB6}.Debug|Any CPU.Build.0 = Debug|Any CPU
		{E2392954-60E5-4D94-8DC7-D43E60562DB6}.Debug|x86.ActiveCfg = Debug|Any CPU
		{E2392954-60E5-4D94-8DC7-D43E60562DB6}.Debug|x86.Build.0 = Debug|Any CPU
		{E2392954-60E5-4D94-8DC7-D43E60562DB6}.Release|Any CPU.ActiveCfg = Release|Any CPU
		{E2392954-60E5-4D94-8DC7-D43E60562DB6}.Release|Any CPU.Build.0 = Release|Any CPU
		{E2392954-60E5-4D94-8DC7-D43E60562DB6}.Release|x86.ActiveCfg = Release|Any CPU
		{E2392954-60E5-4D94-8DC7-D43E60562DB6}.Release|x86.Build.0 = Release|Any CPU
		{E2392954-60E5-4D94-8DC7-D43E60562DB6}.TestGSL|Any CPU.ActiveCfg = Release|Any CPU
		{E2392954-60E5-4D94-8DC7-D43E60562DB6}.TestGSL|Any CPU.Build.0 = Release|Any CPU
		{E2392954-60E5-4D94-8DC7-D43E60562DB6}.TestGSL|x86.ActiveCfg = Debug|Any CPU
		{E2392954-60E5-4D94-8DC7-D43E60562DB6}.TestGSL|x86.Build.0 = Debug|Any CPU
		{8805AADC-2C05-4842-AA94-3A3CE835A758}.Debug|Any CPU.ActiveCfg = Debug|Any CPU
		{8805AADC-2C05-4842-AA94-3A3CE835A758}.Debug|Any CPU.Build.0 = Debug|Any CPU
		{8805AADC-2C05-4842-AA94-3A3CE835A758}.Debug|x86.ActiveCfg = Debug|Any CPU
		{8805AADC-2C05-4842-AA94-3A3CE835A758}.Debug|x86.Build.0 = Debug|Any CPU
		{8805AADC-2C05-4842-AA94-3A3CE835A758}.Release|Any CPU.ActiveCfg = Release|Any CPU
		{8805AADC-2C05-4842-AA94-3A3CE835A758}.Release|Any CPU.Build.0 = Release|Any CPU
		{8805AADC-2C05-4842-AA94-3A3CE835A758}.Release|x86.ActiveCfg = Release|Any CPU
		{8805AADC-2C05-4842-AA94-3A3CE835A758}.Release|x86.Build.0 = Release|Any CPU
		{8805AADC-2C05-4842-AA94-3A3CE835A758}.TestGSL|Any CPU.ActiveCfg = Release|Any CPU
		{8805AADC-2C05-4842-AA94-3A3CE835A758}.TestGSL|Any CPU.Build.0 = Release|Any CPU
		{8805AADC-2C05-4842-AA94-3A3CE835A758}.TestGSL|x86.ActiveCfg = Debug|Any CPU
		{8805AADC-2C05-4842-AA94-3A3CE835A758}.TestGSL|x86.Build.0 = Debug|Any CPU
		{E058AE59-3FBF-4BDB-A2B2-D6064E7629CE}.Debug|Any CPU.ActiveCfg = Debug|Any CPU
		{E058AE59-3FBF-4BDB-A2B2-D6064E7629CE}.Debug|Any CPU.Build.0 = Debug|Any CPU
		{E058AE59-3FBF-4BDB-A2B2-D6064E7629CE}.Debug|x86.ActiveCfg = Debug|Any CPU
		{E058AE59-3FBF-4BDB-A2B2-D6064E7629CE}.Debug|x86.Build.0 = Debug|Any CPU
		{E058AE59-3FBF-4BDB-A2B2-D6064E7629CE}.Release|Any CPU.ActiveCfg = Release|Any CPU
		{E058AE59-3FBF-4BDB-A2B2-D6064E7629CE}.Release|Any CPU.Build.0 = Release|Any CPU
		{E058AE59-3FBF-4BDB-A2B2-D6064E7629CE}.Release|x86.ActiveCfg = Release|Any CPU
		{E058AE59-3FBF-4BDB-A2B2-D6064E7629CE}.Release|x86.Build.0 = Release|Any CPU
		{E058AE59-3FBF-4BDB-A2B2-D6064E7629CE}.TestGSL|Any CPU.ActiveCfg = Release|Any CPU
		{E058AE59-3FBF-4BDB-A2B2-D6064E7629CE}.TestGSL|Any CPU.Build.0 = Release|Any CPU
		{E058AE59-3FBF-4BDB-A2B2-D6064E7629CE}.TestGSL|x86.ActiveCfg = Debug|Any CPU
		{E058AE59-3FBF-4BDB-A2B2-D6064E7629CE}.TestGSL|x86.Build.0 = Debug|Any CPU
		{399AD001-C136-4B6D-AA93-0E19A5483779}.Debug|Any CPU.ActiveCfg = Debug|Any CPU
		{399AD001-C136-4B6D-AA93-0E19A5483779}.Debug|Any CPU.Build.0 = Debug|Any CPU
		{399AD001-C136-4B6D-AA93-0E19A5483779}.Debug|x86.ActiveCfg = Debug|Any CPU
		{399AD001-C136-4B6D-AA93-0E19A5483779}.Debug|x86.Build.0 = Debug|Any CPU
		{399AD001-C136-4B6D-AA93-0E19A5483779}.Release|Any CPU.ActiveCfg = Release|Any CPU
		{399AD001-C136-4B6D-AA93-0E19A5483779}.Release|Any CPU.Build.0 = Release|Any CPU
		{399AD001-C136-4B6D-AA93-0E19A5483779}.Release|x86.ActiveCfg = Release|Any CPU
		{399AD001-C136-4B6D-AA93-0E19A5483779}.Release|x86.Build.0 = Release|Any CPU
		{399AD001-C136-4B6D-AA93-0E19A5483779}.TestGSL|Any CPU.ActiveCfg = Debug|Any CPU
		{399AD001-C136-4B6D-AA93-0E19A5483779}.TestGSL|Any CPU.Build.0 = Debug|Any CPU
		{399AD001-C136-4B6D-AA93-0E19A5483779}.TestGSL|x86.ActiveCfg = Debug|Any CPU
		{399AD001-C136-4B6D-AA93-0E19A5483779}.TestGSL|x86.Build.0 = Debug|Any CPU
		{2C964234-7C0F-40A4-91D3-6C3C50CDFE59}.Debug|Any CPU.ActiveCfg = Debug|Any CPU
		{2C964234-7C0F-40A4-91D3-6C3C50CDFE59}.Debug|Any CPU.Build.0 = Debug|Any CPU
		{2C964234-7C0F-40A4-91D3-6C3C50CDFE59}.Debug|x86.ActiveCfg = Debug|Any CPU
		{2C964234-7C0F-40A4-91D3-6C3C50CDFE59}.Debug|x86.Build.0 = Debug|Any CPU
		{2C964234-7C0F-40A4-91D3-6C3C50CDFE59}.Release|Any CPU.ActiveCfg = Release|Any CPU
		{2C964234-7C0F-40A4-91D3-6C3C50CDFE59}.Release|Any CPU.Build.0 = Release|Any CPU
		{2C964234-7C0F-40A4-91D3-6C3C50CDFE59}.Release|x86.ActiveCfg = Release|Any CPU
		{2C964234-7C0F-40A4-91D3-6C3C50CDFE59}.Release|x86.Build.0 = Release|Any CPU
		{2C964234-7C0F-40A4-91D3-6C3C50CDFE59}.TestGSL|Any CPU.ActiveCfg = Debug|Any CPU
		{2C964234-7C0F-40A4-91D3-6C3C50CDFE59}.TestGSL|Any CPU.Build.0 = Debug|Any CPU
		{2C964234-7C0F-40A4-91D3-6C3C50CDFE59}.TestGSL|x86.ActiveCfg = Debug|Any CPU
		{2C964234-7C0F-40A4-91D3-6C3C50CDFE59}.TestGSL|x86.Build.0 = Debug|Any CPU
		{26642C66-200B-4FA7-939F-4438FCBB481C}.Debug|Any CPU.ActiveCfg = Debug|Any CPU
		{26642C66-200B-4FA7-939F-4438FCBB481C}.Debug|Any CPU.Build.0 = Debug|Any CPU
		{26642C66-200B-4FA7-939F-4438FCBB481C}.Debug|x86.ActiveCfg = Debug|Any CPU
		{26642C66-200B-4FA7-939F-4438FCBB481C}.Debug|x86.Build.0 = Debug|Any CPU
		{26642C66-200B-4FA7-939F-4438FCBB481C}.Release|Any CPU.ActiveCfg = Release|Any CPU
		{26642C66-200B-4FA7-939F-4438FCBB481C}.Release|Any CPU.Build.0 = Release|Any CPU
		{26642C66-200B-4FA7-939F-4438FCBB481C}.Release|x86.ActiveCfg = Release|Any CPU
		{26642C66-200B-4FA7-939F-4438FCBB481C}.Release|x86.Build.0 = Release|Any CPU
		{26642C66-200B-4FA7-939F-4438FCBB481C}.TestGSL|Any CPU.ActiveCfg = Debug|Any CPU
		{26642C66-200B-4FA7-939F-4438FCBB481C}.TestGSL|Any CPU.Build.0 = Debug|Any CPU
		{26642C66-200B-4FA7-939F-4438FCBB481C}.TestGSL|x86.ActiveCfg = Debug|Any CPU
		{26642C66-200B-4FA7-939F-4438FCBB481C}.TestGSL|x86.Build.0 = Debug|Any CPU
	EndGlobalSection
	GlobalSection(SolutionProperties) = preSolution
		HideSolutionNode = FALSE
	EndGlobalSection
	GlobalSection(NestedProjects) = preSolution
		{83F16175-43B1-4C90-A1EE-8E351C33435D} = {A6A6AF7D-D6E3-442D-9B1E-58CC91879BE1}
		{8E6D5255-776D-4B61-85F9-73C37AA1FB9A} = {A6A6AF7D-D6E3-442D-9B1E-58CC91879BE1}
		{5ED77947-E3D2-48A3-A953-3F57B682617B} = {ED8079DD-2B06-4030-9F0F-DC548F98E1C4}
		{26642C66-200B-4FA7-939F-4438FCBB481C} = {ED8079DD-2B06-4030-9F0F-DC548F98E1C4}
	EndGlobalSection
EndGlobal
